// !$*UTF8*$!
{
	archiveVersion = 1;
	classes = {
	};
	objectVersion = 50;
	objects = {

/* Begin PBXBuildFile section */
		1B04C562AE1041E7989DC839 /* Pods_TestAPI.framework in Frameworks */ = {isa = PBXBuildFile; fileRef = E13600BAB66DEB6F8289F4C9 /* Pods_TestAPI.framework */; };
		D891931F2201B9DE00BB0B49 /* AppDelegate.swift in Sources */ = {isa = PBXBuildFile; fileRef = D891931E2201B9DE00BB0B49 /* AppDelegate.swift */; };
		D89193212201B9DE00BB0B49 /* AddViewController.swift in Sources */ = {isa = PBXBuildFile; fileRef = D89193202201B9DE00BB0B49 /* AddViewController.swift */; };
		D89193262201B9E000BB0B49 /* Assets.xcassets in Resources */ = {isa = PBXBuildFile; fileRef = D89193252201B9E000BB0B49 /* Assets.xcassets */; };
		D89193292201B9E000BB0B49 /* LaunchScreen.storyboard in Resources */ = {isa = PBXBuildFile; fileRef = D89193272201B9E000BB0B49 /* LaunchScreen.storyboard */; };
		D89193312201BB6700BB0B49 /* TableViewController.swift in Sources */ = {isa = PBXBuildFile; fileRef = D89193302201BB6700BB0B49 /* TableViewController.swift */; };
		D89193382201C12000BB0B49 /* UIView.swift in Sources */ = {isa = PBXBuildFile; fileRef = D89193372201C12000BB0B49 /* UIView.swift */; };
		D891933A2201E3C600BB0B49 /* API.swift in Sources */ = {isa = PBXBuildFile; fileRef = D89193392201E3C600BB0B49 /* API.swift */; };
		D891933C2201F52C00BB0B49 /* Post.swift in Sources */ = {isa = PBXBuildFile; fileRef = D891933B2201F52C00BB0B49 /* Post.swift */; };
		D891933E22020B2400BB0B49 /* TableViewCell.swift in Sources */ = {isa = PBXBuildFile; fileRef = D891933D22020B2400BB0B49 /* TableViewCell.swift */; };
		D891934022024DDA00BB0B49 /* DetailViewController.swift in Sources */ = {isa = PBXBuildFile; fileRef = D891933F22024DDA00BB0B49 /* DetailViewController.swift */; };
		D89193422202FFB800BB0B49 /* Alert.swift in Sources */ = {isa = PBXBuildFile; fileRef = D89193412202FFB800BB0B49 /* Alert.swift */; };
/* End PBXBuildFile section */

/* Begin PBXFileReference section */
		1D0244A00F26A7A13E1A064C /* Pods-TestAPI.debug.xcconfig */ = {isa = PBXFileReference; includeInIndex = 1; lastKnownFileType = text.xcconfig; name = "Pods-TestAPI.debug.xcconfig"; path = "Pods/Target Support Files/Pods-TestAPI/Pods-TestAPI.debug.xcconfig"; sourceTree = "<group>"; };
		B7C1ED3174D6E2A445A4D929 /* Pods-TestAPI.release.xcconfig */ = {isa = PBXFileReference; includeInIndex = 1; lastKnownFileType = text.xcconfig; name = "Pods-TestAPI.release.xcconfig"; path = "Pods/Target Support Files/Pods-TestAPI/Pods-TestAPI.release.xcconfig"; sourceTree = "<group>"; };
		D891931B2201B9DE00BB0B49 /* TestAPI.app */ = {isa = PBXFileReference; explicitFileType = wrapper.application; includeInIndex = 0; path = TestAPI.app; sourceTree = BUILT_PRODUCTS_DIR; };
		D891931E2201B9DE00BB0B49 /* AppDelegate.swift */ = {isa = PBXFileReference; lastKnownFileType = sourcecode.swift; path = AppDelegate.swift; sourceTree = "<group>"; };
		D89193202201B9DE00BB0B49 /* AddViewController.swift */ = {isa = PBXFileReference; lastKnownFileType = sourcecode.swift; path = AddViewController.swift; sourceTree = "<group>"; };
		D89193252201B9E000BB0B49 /* Assets.xcassets */ = {isa = PBXFileReference; lastKnownFileType = folder.assetcatalog; path = Assets.xcassets; sourceTree = "<group>"; };
		D89193282201B9E000BB0B49 /* Base */ = {isa = PBXFileReference; lastKnownFileType = file.storyboard; name = Base; path = Base.lproj/LaunchScreen.storyboard; sourceTree = "<group>"; };
		D891932A2201B9E000BB0B49 /* Info.plist */ = {isa = PBXFileReference; lastKnownFileType = text.plist.xml; path = Info.plist; sourceTree = "<group>"; };
		D89193302201BB6700BB0B49 /* TableViewController.swift */ = {isa = PBXFileReference; lastKnownFileType = sourcecode.swift; path = TableViewController.swift; sourceTree = "<group>"; };
		D89193372201C12000BB0B49 /* UIView.swift */ = {isa = PBXFileReference; lastKnownFileType = sourcecode.swift; path = UIView.swift; sourceTree = "<group>"; };
		D89193392201E3C600BB0B49 /* API.swift */ = {isa = PBXFileReference; lastKnownFileType = sourcecode.swift; path = API.swift; sourceTree = "<group>"; };
		D891933B2201F52C00BB0B49 /* Post.swift */ = {isa = PBXFileReference; lastKnownFileType = sourcecode.swift; path = Post.swift; sourceTree = "<group>"; };
		D891933D22020B2400BB0B49 /* TableViewCell.swift */ = {isa = PBXFileReference; lastKnownFileType = sourcecode.swift; path = TableViewCell.swift; sourceTree = "<group>"; };
		D891933F22024DDA00BB0B49 /* DetailViewController.swift */ = {isa = PBXFileReference; lastKnownFileType = sourcecode.swift; path = DetailViewController.swift; sourceTree = "<group>"; };
		D89193412202FFB800BB0B49 /* Alert.swift */ = {isa = PBXFileReference; lastKnownFileType = sourcecode.swift; path = Alert.swift; sourceTree = "<group>"; };
		E13600BAB66DEB6F8289F4C9 /* Pods_TestAPI.framework */ = {isa = PBXFileReference; explicitFileType = wrapper.framework; includeInIndex = 0; path = Pods_TestAPI.framework; sourceTree = BUILT_PRODUCTS_DIR; };
/* End PBXFileReference section */

/* Begin PBXFrameworksBuildPhase section */
		D89193182201B9DE00BB0B49 /* Frameworks */ = {
			isa = PBXFrameworksBuildPhase;
			buildActionMask = 2147483647;
			files = (
				1B04C562AE1041E7989DC839 /* Pods_TestAPI.framework in Frameworks */,
			);
			runOnlyForDeploymentPostprocessing = 0;
		};
/* End PBXFrameworksBuildPhase section */

/* Begin PBXGroup section */
		2AF398D157EF55975F5FB2E2 /* Frameworks */ = {
			isa = PBXGroup;
			children = (
				E13600BAB66DEB6F8289F4C9 /* Pods_TestAPI.framework */,
			);
			name = Frameworks;
			sourceTree = "<group>";
		};
		A4C5AF7F124CE729A55F12C7 /* Pods */ = {
			isa = PBXGroup;
			children = (
				1D0244A00F26A7A13E1A064C /* Pods-TestAPI.debug.xcconfig */,
				B7C1ED3174D6E2A445A4D929 /* Pods-TestAPI.release.xcconfig */,
			);
			name = Pods;
			sourceTree = "<group>";
		};
		D89193122201B9DE00BB0B49 = {
			isa = PBXGroup;
			children = (
				D891931D2201B9DE00BB0B49 /* TestAPI */,
				D891931C2201B9DE00BB0B49 /* Products */,
				A4C5AF7F124CE729A55F12C7 /* Pods */,
				2AF398D157EF55975F5FB2E2 /* Frameworks */,
			);
			sourceTree = "<group>";
		};
		D891931C2201B9DE00BB0B49 /* Products */ = {
			isa = PBXGroup;
			children = (
				D891931B2201B9DE00BB0B49 /* TestAPI.app */,
			);
			name = Products;
			sourceTree = "<group>";
		};
		D891931D2201B9DE00BB0B49 /* TestAPI */ = {
			isa = PBXGroup;
			children = (
				D89193432202FFEC00BB0B49 /* Struct */,
				D89193352201C10900BB0B49 /* Extensions */,
				D891931E2201B9DE00BB0B49 /* AppDelegate.swift */,
				D89193302201BB6700BB0B49 /* TableViewController.swift */,
				D891933D22020B2400BB0B49 /* TableViewCell.swift */,
				D891933F22024DDA00BB0B49 /* DetailViewController.swift */,
				D89193202201B9DE00BB0B49 /* AddViewController.swift */,
				D89193252201B9E000BB0B49 /* Assets.xcassets */,
				D89193272201B9E000BB0B49 /* LaunchScreen.storyboard */,
				D891932A2201B9E000BB0B49 /* Info.plist */,
			);
			path = TestAPI;
			sourceTree = "<group>";
		};
		D89193352201C10900BB0B49 /* Extensions */ = {
			isa = PBXGroup;
			children = (
				D89193372201C12000BB0B49 /* UIView.swift */,
			);
			path = Extensions;
			sourceTree = "<group>";
		};
		D89193432202FFEC00BB0B49 /* Struct */ = {
			isa = PBXGroup;
			children = (
				D891933B2201F52C00BB0B49 /* Post.swift */,
				D89193412202FFB800BB0B49 /* Alert.swift */,
				D89193392201E3C600BB0B49 /* API.swift */,
			);
			path = Struct;
			sourceTree = "<group>";
		};
/* End PBXGroup section */

/* Begin PBXNativeTarget section */
		D891931A2201B9DE00BB0B49 /* TestAPI */ = {
			isa = PBXNativeTarget;
			buildConfigurationList = D891932D2201B9E000BB0B49 /* Build configuration list for PBXNativeTarget "TestAPI" */;
			buildPhases = (
				2D08ABB07EDEA86E43C15C35 /* [CP] Check Pods Manifest.lock */,
				D89193172201B9DE00BB0B49 /* Sources */,
				D89193182201B9DE00BB0B49 /* Frameworks */,
				D89193192201B9DE00BB0B49 /* Resources */,
				3A223AA5BAD337F9C758EF8C /* [CP] Embed Pods Frameworks */,
			);
			buildRules = (
			);
			dependencies = (
			);
			name = TestAPI;
			productName = TestAPI;
			productReference = D891931B2201B9DE00BB0B49 /* TestAPI.app */;
			productType = "com.apple.product-type.application";
		};
/* End PBXNativeTarget section */

/* Begin PBXProject section */
		D89193132201B9DE00BB0B49 /* Project object */ = {
			isa = PBXProject;
			attributes = {
				LastSwiftUpdateCheck = 1010;
				LastUpgradeCheck = 1010;
				ORGANIZATIONNAME = Shwift;
				TargetAttributes = {
					D891931A2201B9DE00BB0B49 = {
						CreatedOnToolsVersion = 10.1;
					};
				};
			};
			buildConfigurationList = D89193162201B9DE00BB0B49 /* Build configuration list for PBXProject "TestAPI" */;
			compatibilityVersion = "Xcode 9.3";
			developmentRegion = en;
			hasScannedForEncodings = 0;
			knownRegions = (
				en,
				Base,
			);
			mainGroup = D89193122201B9DE00BB0B49;
			productRefGroup = D891931C2201B9DE00BB0B49 /* Products */;
			projectDirPath = "";
			projectRoot = "";
			targets = (
				D891931A2201B9DE00BB0B49 /* TestAPI */,
			);
		};
/* End PBXProject section */

/* Begin PBXResourcesBuildPhase section */
		D89193192201B9DE00BB0B49 /* Resources */ = {
			isa = PBXResourcesBuildPhase;
			buildActionMask = 2147483647;
			files = (
				D89193292201B9E000BB0B49 /* LaunchScreen.storyboard in Resources */,
				D89193262201B9E000BB0B49 /* Assets.xcassets in Resources */,
			);
			runOnlyForDeploymentPostprocessing = 0;
		};
/* End PBXResourcesBuildPhase section */

/* Begin PBXShellScriptBuildPhase section */
		2D08ABB07EDEA86E43C15C35 /* [CP] Check Pods Manifest.lock */ = {
			isa = PBXShellScriptBuildPhase;
			buildActionMask = 2147483647;
			files = (
			);
			inputFileListPaths = (
			);
			inputPaths = (
				"${PODS_PODFILE_DIR_PATH}/Podfile.lock",
				"${PODS_ROOT}/Manifest.lock",
			);
			name = "[CP] Check Pods Manifest.lock";
			outputFileListPaths = (
			);
			outputPaths = (
				"$(DERIVED_FILE_DIR)/Pods-TestAPI-checkManifestLockResult.txt",
			);
			runOnlyForDeploymentPostprocessing = 0;
			shellPath = /bin/sh;
			shellScript = "diff \"${PODS_PODFILE_DIR_PATH}/Podfile.lock\" \"${PODS_ROOT}/Manifest.lock\" > /dev/null\nif [ $? != 0 ] ; then\n    # print error to STDERR\n    echo \"error: The sandbox is not in sync with the Podfile.lock. Run 'pod install' or update your CocoaPods installation.\" >&2\n    exit 1\nfi\n# This output is used by Xcode 'outputs' to avoid re-running this script phase.\necho \"SUCCESS\" > \"${SCRIPT_OUTPUT_FILE_0}\"\n";
			showEnvVarsInLog = 0;
		};
		3A223AA5BAD337F9C758EF8C /* [CP] Embed Pods Frameworks */ = {
			isa = PBXShellScriptBuildPhase;
			buildActionMask = 2147483647;
			files = (
			);
			inputFileListPaths = (
			);
			inputPaths = (
				"${SRCROOT}/Pods/Target Support Files/Pods-TestAPI/Pods-TestAPI-frameworks.sh",
				"${BUILT_PRODUCTS_DIR}/Alamofire/Alamofire.framework",
				"${BUILT_PRODUCTS_DIR}/SwiftyJSON/SwiftyJSON.framework",
			);
			name = "[CP] Embed Pods Frameworks";
			outputFileListPaths = (
			);
			outputPaths = (
				"${TARGET_BUILD_DIR}/${FRAMEWORKS_FOLDER_PATH}/Alamofire.framework",
				"${TARGET_BUILD_DIR}/${FRAMEWORKS_FOLDER_PATH}/SwiftyJSON.framework",
			);
			runOnlyForDeploymentPostprocessing = 0;
			shellPath = /bin/sh;
			shellScript = "\"${SRCROOT}/Pods/Target Support Files/Pods-TestAPI/Pods-TestAPI-frameworks.sh\"\n";
			showEnvVarsInLog = 0;
		};
/* End PBXShellScriptBuildPhase section */

/* Begin PBXSourcesBuildPhase section */
		D89193172201B9DE00BB0B49 /* Sources */ = {
			isa = PBXSourcesBuildPhase;
			buildActionMask = 2147483647;
			files = (
				D89193422202FFB800BB0B49 /* Alert.swift in Sources */,
				D891933A2201E3C600BB0B49 /* API.swift in Sources */,
				D89193382201C12000BB0B49 /* UIView.swift in Sources */,
				D89193212201B9DE00BB0B49 /* AddViewController.swift in Sources */,
				D891933C2201F52C00BB0B49 /* Post.swift in Sources */,
				D89193312201BB6700BB0B49 /* TableViewController.swift in Sources */,
				D891933E22020B2400BB0B49 /* TableViewCell.swift in Sources */,
				D891931F2201B9DE00BB0B49 /* AppDelegate.swift in Sources */,
				D891934022024DDA00BB0B49 /* DetailViewController.swift in Sources */,
			);
			runOnlyForDeploymentPostprocessing = 0;
		};
/* End PBXSourcesBuildPhase section */

/* Begin PBXVariantGroup section */
		D89193272201B9E000BB0B49 /* LaunchScreen.storyboard */ = {
			isa = PBXVariantGroup;
			children = (
				D89193282201B9E000BB0B49 /* Base */,
			);
			name = LaunchScreen.storyboard;
			sourceTree = "<group>";
		};
/* End PBXVariantGroup section */

/* Begin XCBuildConfiguration section */
		D891932B2201B9E000BB0B49 /* Debug */ = {
			isa = XCBuildConfiguration;
			buildSettings = {
				ALWAYS_SEARCH_USER_PATHS = NO;
				CLANG_ANALYZER_NONNULL = YES;
				CLANG_ANALYZER_NUMBER_OBJECT_CONVERSION = YES_AGGRESSIVE;
				CLANG_CXX_LANGUAGE_STANDARD = "gnu++14";
				CLANG_CXX_LIBRARY = "libc++";
				CLANG_ENABLE_MODULES = YES;
				CLANG_ENABLE_OBJC_ARC = YES;
				CLANG_ENABLE_OBJC_WEAK = YES;
				CLANG_WARN_BLOCK_CAPTURE_AUTORELEASING = YES;
				CLANG_WARN_BOOL_CONVERSION = YES;
				CLANG_WARN_COMMA = YES;
				CLANG_WARN_CONSTANT_CONVERSION = YES;
				CLANG_WARN_DEPRECATED_OBJC_IMPLEMENTATIONS = YES;
				CLANG_WARN_DIRECT_OBJC_ISA_USAGE = YES_ERROR;
				CLANG_WARN_DOCUMENTATION_COMMENTS = YES;
				CLANG_WARN_EMPTY_BODY = YES;
				CLANG_WARN_ENUM_CONVERSION = YES;
				CLANG_WARN_INFINITE_RECURSION = YES;
				CLANG_WARN_INT_CONVERSION = YES;
				CLANG_WARN_NON_LITERAL_NULL_CONVERSION = YES;
				CLANG_WARN_OBJC_IMPLICIT_RETAIN_SELF = YES;
				CLANG_WARN_OBJC_LITERAL_CONVERSION = YES;
				CLANG_WARN_OBJC_ROOT_CLASS = YES_ERROR;
				CLANG_WARN_RANGE_LOOP_ANALYSIS = YES;
				CLANG_WARN_STRICT_PROTOTYPES = YES;
				CLANG_WARN_SUSPICIOUS_MOVE = YES;
				CLANG_WARN_UNGUARDED_AVAILABILITY = YES_AGGRESSIVE;
				CLANG_WARN_UNREACHABLE_CODE = YES;
				CLANG_WARN__DUPLICATE_METHOD_MATCH = YES;
				CODE_SIGN_IDENTITY = "iPhone Developer";
				COPY_PHASE_STRIP = NO;
				DEBUG_INFORMATION_FORMAT = dwarf;
				ENABLE_STRICT_OBJC_MSGSEND = YES;
				ENABLE_TESTABILITY = YES;
				GCC_C_LANGUAGE_STANDARD = gnu11;
				GCC_DYNAMIC_NO_PIC = NO;
				GCC_NO_COMMON_BLOCKS = YES;
				GCC_OPTIMIZATION_LEVEL = 0;
				GCC_PREPROCESSOR_DEFINITIONS = (
					"DEBUG=1",
					"$(inherited)",
				);
				GCC_WARN_64_TO_32_BIT_CONVERSION = YES;
				GCC_WARN_ABOUT_RETURN_TYPE = YES_ERROR;
				GCC_WARN_UNDECLARED_SELECTOR = YES;
				GCC_WARN_UNINITIALIZED_AUTOS = YES_AGGRESSIVE;
				GCC_WARN_UNUSED_FUNCTION = YES;
				GCC_WARN_UNUSED_VARIABLE = YES;
				IPHONEOS_DEPLOYMENT_TARGET = 12.1;
				MTL_ENABLE_DEBUG_INFO = INCLUDE_SOURCE;
				MTL_FAST_MATH = YES;
				ONLY_ACTIVE_ARCH = YES;
				SDKROOT = iphoneos;
				SWIFT_ACTIVE_COMPILATION_CONDITIONS = DEBUG;
				SWIFT_OPTIMIZATION_LEVEL = "-Onone";
			};
			name = Debug;
		};
		D891932C2201B9E000BB0B49 /* Release */ = {
			isa = XCBuildConfiguration;
			buildSettings = {
				ALWAYS_SEARCH_USER_PATHS = NO;
				CLANG_ANALYZER_NONNULL = YES;
				CLANG_ANALYZER_NUMBER_OBJECT_CONVERSION = YES_AGGRESSIVE;
				CLANG_CXX_LANGUAGE_STANDARD = "gnu++14";
				CLANG_CXX_LIBRARY = "libc++";
				CLANG_ENABLE_MODULES = YES;
				CLANG_ENABLE_OBJC_ARC = YES;
				CLANG_ENABLE_OBJC_WEAK = YES;
				CLANG_WARN_BLOCK_CAPTURE_AUTORELEASING = YES;
				CLANG_WARN_BOOL_CONVERSION = YES;
				CLANG_WARN_COMMA = YES;
				CLANG_WARN_CONSTANT_CONVERSION = YES;
				CLANG_WARN_DEPRECATED_OBJC_IMPLEMENTATIONS = YES;
				CLANG_WARN_DIRECT_OBJC_ISA_USAGE = YES_ERROR;
				CLANG_WARN_DOCUMENTATION_COMMENTS = YES;
				CLANG_WARN_EMPTY_BODY = YES;
				CLANG_WARN_ENUM_CONVERSION = YES;
				CLANG_WARN_INFINITE_RECURSION = YES;
				CLANG_WARN_INT_CONVERSION = YES;
				CLANG_WARN_NON_LITERAL_NULL_CONVERSION = YES;
				CLANG_WARN_OBJC_IMPLICIT_RETAIN_SELF = YES;
				CLANG_WARN_OBJC_LITERAL_CONVERSION = YES;
				CLANG_WARN_OBJC_ROOT_CLASS = YES_ERROR;
				CLANG_WARN_RANGE_LOOP_ANALYSIS = YES;
				CLANG_WARN_STRICT_PROTOTYPES = YES;
				CLANG_WARN_SUSPICIOUS_MOVE = YES;
				CLANG_WARN_UNGUARDED_AVAILABILITY = YES_AGGRESSIVE;
				CLANG_WARN_UNREACHABLE_CODE = YES;
				CLANG_WARN__DUPLICATE_METHOD_MATCH = YES;
				CODE_SIGN_IDENTITY = "iPhone Developer";
				COPY_PHASE_STRIP = NO;
				DEBUG_INFORMATION_FORMAT = "dwarf-with-dsym";
				ENABLE_NS_ASSERTIONS = NO;
				ENABLE_STRICT_OBJC_MSGSEND = YES;
				GCC_C_LANGUAGE_STANDARD = gnu11;
				GCC_NO_COMMON_BLOCKS = YES;
				GCC_WARN_64_TO_32_BIT_CONVERSION = YES;
				GCC_WARN_ABOUT_RETURN_TYPE = YES_ERROR;
				GCC_WARN_UNDECLARED_SELECTOR = YES;
				GCC_WARN_UNINITIALIZED_AUTOS = YES_AGGRESSIVE;
				GCC_WARN_UNUSED_FUNCTION = YES;
				GCC_WARN_UNUSED_VARIABLE = YES;
				IPHONEOS_DEPLOYMENT_TARGET = 12.1;
				MTL_ENABLE_DEBUG_INFO = NO;
				MTL_FAST_MATH = YES;
				SDKROOT = iphoneos;
				SWIFT_COMPILATION_MODE = wholemodule;
				SWIFT_OPTIMIZATION_LEVEL = "-O";
				VALIDATE_PRODUCT = YES;
			};
			name = Release;
		};
		D891932E2201B9E000BB0B49 /* Debug */ = {
			isa = XCBuildConfiguration;
			baseConfigurationReference = 1D0244A00F26A7A13E1A064C /* Pods-TestAPI.debug.xcconfig */;
			buildSettings = {
				ASSETCATALOG_COMPILER_APPICON_NAME = AppIcon;
				CODE_SIGN_STYLE = Automatic;
				INFOPLIST_FILE = TestAPI/Info.plist;
				LD_RUNPATH_SEARCH_PATHS = (
					"$(inherited)",
					"@executable_path/Frameworks",
				);
				PRODUCT_BUNDLE_IDENTIFIER = com.shwift.TestAPI;
				PRODUCT_NAME = "$(TARGET_NAME)";
				SWIFT_VERSION = 4.2;
				TARGETED_DEVICE_FAMILY = "1,2";
			};
			name = Debug;
		};
		D891932F2201B9E000BB0B49 /* Release */ = {
			isa = XCBuildConfiguration;
			baseConfigurationReference = B7C1ED3174D6E2A445A4D929 /* Pods-TestAPI.release.xcconfig */;
			buildSettings = {
				ASSETCATALOG_COMPILER_APPICON_NAME = AppIcon;
				CODE_SIGN_STYLE = Automatic;
				INFOPLIST_FILE = TestAPI/Info.plist;
				LD_RUNPATH_SEARCH_PATHS = (
					"$(inherited)",
					"@executable_path/Frameworks",
				);
				PRODUCT_BUNDLE_IDENTIFIER = com.shwift.TestAPI;
				PRODUCT_NAME = "$(TARGET_NAME)";
				SWIFT_VERSION = 4.2;
				TARGETED_DEVICE_FAMILY = "1,2";
			};
			name = Release;
		};
/* End XCBuildConfiguration section */

/* Begin XCConfigurationList section */
		D89193162201B9DE00BB0B49 /* Build configuration list for PBXProject "TestAPI" */ = {
			isa = XCConfigurationList;
			buildConfigurations = (
				D891932B2201B9E000BB0B49 /* Debug */,
				D891932C2201B9E000BB0B49 /* Release */,
			);
			defaultConfigurationIsVisible = 0;
			defaultConfigurationName = Release;
		};
		D891932D2201B9E000BB0B49 /* Build configuration list for PBXNativeTarget "TestAPI" */ = {
			isa = XCConfigurationList;
			buildConfigurations = (
				D891932E2201B9E000BB0B49 /* Debug */,
				D891932F2201B9E000BB0B49 /* Release */,
			);
			defaultConfigurationIsVisible = 0;
			defaultConfigurationName = Release;
		};
/* End XCConfigurationList section */
	};
	rootObject = D89193132201B9DE00BB0B49 /* Project object */;
}
